
Microsoft Visual Studio Solution File, Format Version 11.00
# Visual Studio 2010
Project("{FAE04EC0-301F-11D3-BF4B-00C04F79EFBC}") = "SilverlightDynamicGeometry.2010", "..\DynamicGeometryLibrary\SilverlightDynamicGeometry.2010.csproj", "{12C65F68-BDF8-4C3C-A7C0-4366A72D887F}"
EndProject
Project("{FAE04EC0-301F-11D3-BF4B-00C04F79EFBC}") = "SilverlightClient.2010", "SilverlightClient.2010.csproj", "{403EAF86-0F48-483E-8482-DF2DD98A765B}"
EndProject
Global
	GlobalSection(TeamFoundationVersionControl) = preSolution
		SccNumberOfProjects = 3
		SccEnterpriseProvider = {4CA58AB2-18FA-4F8D-95D4-32DDF27D184C}
		SccTeamFoundationServer = https://tfs07.codeplex.com/
		SccLocalPath0 = .
		SccProjectUniqueName1 = ..\\DynamicGeometryLibrary\\SilverlightDynamicGeometry.2010.csproj
		SccProjectName1 = ../DynamicGeometryLibrary
		SccLocalPath1 = ..\\DynamicGeometryLibrary
		SccProjectUniqueName2 = SilverlightClient.2010.csproj
		SccLocalPath2 = .
	EndGlobalSection
	GlobalSection(SolutionConfigurationPlatforms) = preSolution
		Debug|Any CPU = Debug|Any CPU
		Release|Any CPU = Release|Any CPU
	EndGlobalSection
	GlobalSection(ProjectConfigurationPlatforms) = postSolution
		{12C65F68-BDF8-4C3C-A7C0-4366A72D887F}.Debug|Any CPU.ActiveCfg = Debug|Any CPU
		{12C65F68-BDF8-4C3C-A7C0-4366A72D887F}.Debug|Any CPU.Build.0 = Debug|Any CPU
		{12C65F68-BDF8-4C3C-A7C0-4366A72D887F}.Release|Any CPU.ActiveCfg = Release|Any CPU
		{12C65F68-BDF8-4C3C-A7C0-4366A72D887F}.Release|Any CPU.Build.0 = Release|Any CPU
		{403EAF86-0F48-483E-8482-DF2DD98A765B}.Debug|Any CPU.ActiveCfg = Debug|Any CPU
		{403EAF86-0F48-483E-8482-DF2DD98A765B}.Debug|Any CPU.Build.0 = Debug|Any CPU
		{403EAF86-0F48-483E-8482-DF2DD98A765B}.Release|Any CPU.ActiveCfg = Release|Any CPU
		{403EAF86-0F48-483E-8482-DF2DD98A765B}.Release|Any CPU.Build.0 = Release|Any CPU
	EndGlobalSection
	GlobalSection(SolutionProperties) = preSolution
		HideSolutionNode = FALSE
	EndGlobalSection
EndGlobal
